// !$*UTF8*$!
{
	archiveVersion = 1;
	classes = {
	};
	objectVersion = 77;
	objects = {

/* Begin PBXBuildFile section */
		85C1CE262FCE778D00734EC0 /* WatchMouseController Watch App.app in Embed Watch Content */ = {isa = PBXBuildFile; fileRef = 85C1CE252FCE778D00734EC0 /* WatchMouseController Watch App.app */; settings = {ATTRIBUTES = (RemoveHeadersOnCopy, ); }; };
		85C1CE642FCE7C3D00734EC0 /* Models.swift in Sources */ = {isa = PBXBuildFile; fileRef = 85C1CE632FCE7C3D00734EC0 /* Models.swift */; };
		85C1CE652FCE7C3D00734EC0 /* Models.swift in Sources */ = {isa = PBXBuildFile; fileRef = 85C1CE632FCE7C3D00734EC0 /* Models.swift */; };
		85C1CE692FCE7C9700734EC0 /* MouseServerApp.swift in Sources */ = {isa = PBXBuildFile; fileRef = 85C1CE672FCE7C9700734EC0 /* MouseServerApp.swift */; };
		85C1CE6A2FCE7C9700734EC0 /* MouseController.swift in Sources */ = {isa = PBXBuildFile; fileRef = 85C1CE662FCE7C9700734EC0 /* MouseController.swift */; };
		85C1CE6B2FCE7C9700734EC0 /* NetworkListener.swift in Sources */ = {isa = PBXBuildFile; fileRef = 85C1CE682FCE7C9700734EC0 /* NetworkListener.swift */; };
		85C1CE702FCE7CD500734EC0 /* SettingsView.swift in Sources */ = {isa = PBXBuildFile; fileRef = 85C1CE6E2FCE7CD500734EC0 /* SettingsView.swift */; };
		85C1CE712FCE7CD500734EC0 /* NetworkClient.swift in Sources */ = {isa = PBXBuildFile; fileRef = 85C1CE6D2FCE7CD500734EC0 /* NetworkClient.swift */; };
		85C1CE722FCE7CD500734EC0 /* ContentView.swift in Sources */ = {isa = PBXBuildFile; fileRef = 85C1CE6C2FCE7CD500734EC0 /* ContentView.swift */; };
		85C1CE732FCE7CD500734EC0 /* WatchControllerApp.swift in Sources */ = {isa = PBXBuildFile; fileRef = 85C1CE6F2FCE7CD500734EC0 /* WatchControllerApp.swift */; };
/* End PBXBuildFile section */

/* Begin PBXContainerItemProxy section */
		85C1CE022FCE768A00734EC0 /* PBXContainerItemProxy */ = {
			isa = PBXContainerItemProxy;
			containerPortal = 85C1CDEC2FCE768900734EC0 /* Project object */;
			proxyType = 1;
			remoteGlobalIDString = 85C1CDF32FCE768900734EC0;
			remoteInfo = AppleWatchMouseController;
		};
		85C1CE0C2FCE768A00734EC0 /* PBXContainerItemProxy */ = {
			isa = PBXContainerItemProxy;
			containerPortal = 85C1CDEC2FCE768900734EC0 /* Project object */;
			proxyType = 1;
			remoteGlobalIDString = 85C1CDF32FCE768900734EC0;
			remoteInfo = AppleWatchMouseController;
		};
		85C1CE272FCE778D00734EC0 /* PBXContainerItemProxy */ = {
			isa = PBXContainerItemProxy;
			containerPortal = 85C1CDEC2FCE768900734EC0 /* Project object */;
			proxyType = 1;
			remoteGlobalIDString = 85C1CE242FCE778D00734EC0;
			remoteInfo = "WatchMouseController Watch App";
		};
		85C1CE352FCE778E00734EC0 /* PBXContainerItemProxy */ = {
			isa = PBXContainerItemProxy;
			containerPortal = 85C1CDEC2FCE768900734EC0 /* Project object */;
			proxyType = 1;
			remoteGlobalIDString = 85C1CE242FCE778D00734EC0;
			remoteInfo = "WatchMouseController Watch App";
		};
		85C1CE3F2FCE778E00734EC0 /* PBXContainerItemProxy */ = {
			isa = PBXContainerItemProxy;
			containerPortal = 85C1CDEC2FCE768900734EC0 /* Project object */;
			proxyType = 1;
			remoteGlobalIDString = 85C1CE242FCE778D00734EC0;
			remoteInfo = "WatchMouseController Watch App";
		};
/* End PBXContainerItemProxy section */

/* Begin PBXCopyFilesBuildPhase section */
		85C1CE492FCE778E00734EC0 /* Embed Watch Content */ = {
			isa = PBXCopyFilesBuildPhase;
			buildActionMask = 2147483647;
			dstPath = "$(CONTENTS_FOLDER_PATH)/Watch";
			dstSubfolderSpec = 16;
			files = (
				85C1CE262FCE778D00734EC0 /* WatchMouseController Watch App.app in Embed Watch Content */,
			);
			name = "Embed Watch Content";
			runOnlyForDeploymentPostprocessing = 0;
		};
/* End PBXCopyFilesBuildPhase section */

/* Begin PBXFileReference section */
		85C1CDF42FCE768900734EC0 /* AppleWatchMouseController.app */ = {isa = PBXFileReference; explicitFileType = wrapper.application; includeInIndex = 0; path = AppleWatchMouseController.app; sourceTree = BUILT_PRODUCTS_DIR; };
		85C1CE012FCE768A00734EC0 /* AppleWatchMouseControllerTests.xctest */ = {isa = PBXFileReference; explicitFileType = wrapper.cfbundle; includeInIndex = 0; path = AppleWatchMouseControllerTests.xctest; sourceTree = BUILT_PRODUCTS_DIR; };
		85C1CE0B2FCE768A00734EC0 /* AppleWatchMouseControllerUITests.xctest */ = {isa = PBXFileReference; explicitFileType = wrapper.cfbundle; includeInIndex = 0; path = AppleWatchMouseControllerUITests.xctest; sourceTree = BUILT_PRODUCTS_DIR; };
		85C1CE202FCE778D00734EC0 /* WatchMouseController.app */ = {isa = PBXFileReference; explicitFileType = wrapper.application; includeInIndex = 0; path = WatchMouseController.app; sourceTree = BUILT_PRODUCTS_DIR; };
		85C1CE252FCE778D00734EC0 /* WatchMouseController Watch App.app */ = {isa = PBXFileReference; explicitFileType = wrapper.application; includeInIndex = 0; path = "WatchMouseController Watch App.app"; sourceTree = BUILT_PRODUCTS_DIR; };
		85C1CE342FCE778E00734EC0 /* WatchMouseController Watch AppTests.xctest */ = {isa = PBXFileReference; explicitFileType = wrapper.cfbundle; includeInIndex = 0; path = "WatchMouseController Watch AppTests.xctest"; sourceTree = BUILT_PRODUCTS_DIR; };
		85C1CE3E2FCE778E00734EC0 /* WatchMouseController Watch AppUITests.xctest */ = {isa = PBXFileReference; explicitFileType = wrapper.cfbundle; includeInIndex = 0; path = "WatchMouseController Watch AppUITests.xctest"; sourceTree = BUILT_PRODUCTS_DIR; };
		85C1CE632FCE7C3D00734EC0 /* Models.swift */ = {isa = PBXFileReference; lastKnownFileType = sourcecode.swift; name = Models.swift; path = ../Shared/Models.swift; sourceTree = SOURCE_ROOT; };
		85C1CE662FCE7C9700734EC0 /* MouseController.swift */ = {isa = PBXFileReference; lastKnownFileType = sourcecode.swift; name = MouseController.swift; path = ../macOS/MouseController.swift; sourceTree = SOURCE_ROOT; };
		85C1CE672FCE7C9700734EC0 /* MouseServerApp.swift */ = {isa = PBXFileReference; lastKnownFileType = sourcecode.swift; name = MouseServerApp.swift; path = ../macOS/MouseServerApp.swift; sourceTree = SOURCE_ROOT; };
		85C1CE682FCE7C9700734EC0 /* NetworkListener.swift */ = {isa = PBXFileReference; lastKnownFileType = sourcecode.swift; name = NetworkListener.swift; path = ../macOS/NetworkListener.swift; sourceTree = SOURCE_ROOT; };
		85C1CE6C2FCE7CD500734EC0 /* ContentView.swift */ = {isa = PBXFileReference; lastKnownFileType = sourcecode.swift; name = ContentView.swift; path = ../watchOS/ContentView.swift; sourceTree = SOURCE_ROOT; };
		85C1CE6D2FCE7CD500734EC0 /* NetworkClient.swift */ = {isa = PBXFileReference; lastKnownFileType = sourcecode.swift; name = NetworkClient.swift; path = ../watchOS/NetworkClient.swift; sourceTree = SOURCE_ROOT; };
		85C1CE6E2FCE7CD500734EC0 /* SettingsView.swift */ = {isa = PBXFileReference; lastKnownFileType = sourcecode.swift; name = SettingsView.swift; path = ../watchOS/SettingsView.swift; sourceTree = SOURCE_ROOT; };
		85C1CE6F2FCE7CD500734EC0 /* WatchControllerApp.swift */ = {isa = PBXFileReference; lastKnownFileType = sourcecode.swift; name = WatchControllerApp.swift; path = ../watchOS/WatchControllerApp.swift; sourceTree = SOURCE_ROOT; };
/* End PBXFileReference section */

/* Begin PBXFileSystemSynchronizedRootGroup section */
		85C1CDF62FCE768900734EC0 /* AppleWatchMouseController */ = {
			isa = PBXFileSystemSynchronizedRootGroup;
			path = AppleWatchMouseController;
			sourceTree = "<group>";
		};
		85C1CE042FCE768A00734EC0 /* AppleWatchMouseControllerTests */ = {
			isa = PBXFileSystemSynchronizedRootGroup;
			path = AppleWatchMouseControllerTests;
			sourceTree = "<group>";
		};
		85C1CE0E2FCE768A00734EC0 /* AppleWatchMouseControllerUITests */ = {
			isa = PBXFileSystemSynchronizedRootGroup;
			path = AppleWatchMouseControllerUITests;
			sourceTree = "<group>";
		};
		85C1CE292FCE778D00734EC0 /* WatchMouseController Watch App */ = {
			isa = PBXFileSystemSynchronizedRootGroup;
			path = "WatchMouseController Watch App";
			sourceTree = "<group>";
		};
		85C1CE372FCE778E00734EC0 /* WatchMouseController Watch AppTests */ = {
			isa = PBXFileSystemSynchronizedRootGroup;
			path = "WatchMouseController Watch AppTests";
			sourceTree = "<group>";
		};
		85C1CE412FCE778E00734EC0 /* WatchMouseController Watch AppUITests */ = {
			isa = PBXFileSystemSynchronizedRootGroup;
			path = "WatchMouseController Watch AppUITests";
			sourceTree = "<group>";
		};
/* End PBXFileSystemSynchronizedRootGroup section */

/* Begin PBXFrameworksBuildPhase section */
		85C1CDF12FCE768900734EC0 /* Frameworks */ = {
			isa = PBXFrameworksBuildPhase;
			buildActionMask = 2147483647;
			files = (
			);
			runOnlyForDeploymentPostprocessing = 0;
		};
		85C1CDFE2FCE768A00734EC0 /* Frameworks */ = {
			isa = PBXFrameworksBuildPhase;
			buildActionMask = 2147483647;
			files = (
			);
			runOnlyForDeploymentPostprocessing = 0;
		};
		85C1CE082FCE768A00734EC0 /* Frameworks */ = {
			isa = PBXFrameworksBuildPhase;
			buildActionMask = 2147483647;
			files = (
			);
			runOnlyForDeploymentPostprocessing = 0;
		};
		85C1CE222FCE778D00734EC0 /* Frameworks */ = {
			isa = PBXFrameworksBuildPhase;
			buildActionMask = 2147483647;
			files = (
			);
			runOnlyForDeploymentPostprocessing = 0;
		};
		85C1CE312FCE778E00734EC0 /* Frameworks */ = {
			isa = PBXFrameworksBuildPhase;
			buildActionMask = 2147483647;
			files = (
			);
			runOnlyForDeploymentPostprocessing = 0;
		};
		85C1CE3B2FCE778E00734EC0 /* Frameworks */ = {
			isa = PBXFrameworksBuildPhase;
			buildActionMask = 2147483647;
			files = (
			);
			runOnlyForDeploymentPostprocessing = 0;
		};
/* End PBXFrameworksBuildPhase section */

/* Begin PBXGroup section */
		85C1CDEB2FCE768900734EC0 = {
			isa = PBXGroup;
			children = (
				85C1CE6C2FCE7CD500734EC0 /* ContentView.swift */,
				85C1CE6D2FCE7CD500734EC0 /* NetworkClient.swift */,
				85C1CE6E2FCE7CD500734EC0 /* SettingsView.swift */,
				85C1CE6F2FCE7CD500734EC0 /* WatchControllerApp.swift */,
				85C1CE662FCE7C9700734EC0 /* MouseController.swift */,
				85C1CE672FCE7C9700734EC0 /* MouseServerApp.swift */,
				85C1CE682FCE7C9700734EC0 /* NetworkListener.swift */,
				85C1CE632FCE7C3D00734EC0 /* Models.swift */,
				85C1CDF62FCE768900734EC0 /* AppleWatchMouseController */,
				85C1CE042FCE768A00734EC0 /* AppleWatchMouseControllerTests */,
				85C1CE0E2FCE768A00734EC0 /* AppleWatchMouseControllerUITests */,
				85C1CE292FCE778D00734EC0 /* WatchMouseController Watch App */,
				85C1CE372FCE778E00734EC0 /* WatchMouseController Watch AppTests */,
				85C1CE412FCE778E00734EC0 /* WatchMouseController Watch AppUITests */,
				85C1CDF52FCE768900734EC0 /* Products */,
			);
			sourceTree = "<group>";
		};
		85C1CDF52FCE768900734EC0 /* Products */ = {
			isa = PBXGroup;
			children = (
				85C1CDF42FCE768900734EC0 /* AppleWatchMouseController.app */,
				85C1CE012FCE768A00734EC0 /* AppleWatchMouseControllerTests.xctest */,
				85C1CE0B2FCE768A00734EC0 /* AppleWatchMouseControllerUITests.xctest */,
				85C1CE202FCE778D00734EC0 /* WatchMouseController.app */,
				85C1CE252FCE778D00734EC0 /* WatchMouseController Watch App.app */,
				85C1CE342FCE778E00734EC0 /* WatchMouseController Watch AppTests.xctest */,
				85C1CE3E2FCE778E00734EC0 /* WatchMouseController Watch AppUITests.xctest */,
			);
			name = Products;
			sourceTree = "<group>";
		};
/* End PBXGroup section */

/* Begin PBXNativeTarget section */
		85C1CDF32FCE768900734EC0 /* AppleWatchMouseController */ = {
			isa = PBXNativeTarget;
			buildConfigurationList = 85C1CE152FCE768A00734EC0 /* Build configuration list for PBXNativeTarget "AppleWatchMouseController" */;
			buildPhases = (
				85C1CDF02FCE768900734EC0 /* Sources */,
				85C1CDF12FCE768900734EC0 /* Frameworks */,
				85C1CDF22FCE768900734EC0 /* Resources */,
			);
			buildRules = (
			);
			dependencies = (
			);
			fileSystemSynchronizedGroups = (
				85C1CDF62FCE768900734EC0 /* AppleWatchMouseController */,
			);
			name = AppleWatchMouseController;
			packageProductDependencies = (
			);
			productName = AppleWatchMouseController;
			productReference = 85C1CDF42FCE768900734EC0 /* AppleWatchMouseController.app */;
			productType = "com.apple.product-type.application";
		};
		85C1CE002FCE768A00734EC0 /* AppleWatchMouseControllerTests */ = {
			isa = PBXNativeTarget;
			buildConfigurationList = 85C1CE182FCE768A00734EC0 /* Build configuration list for PBXNativeTarget "AppleWatchMouseControllerTests" */;
			buildPhases = (
				85C1CDFD2FCE768A00734EC0 /* Sources */,
				85C1CDFE2FCE768A00734EC0 /* Frameworks */,
				85C1CDFF2FCE768A00734EC0 /* Resources */,
			);
			buildRules = (
			);
			dependencies = (
				85C1CE032FCE768A00734EC0 /* PBXTargetDependency */,
			);
			fileSystemSynchronizedGroups = (
				85C1CE042FCE768A00734EC0 /* AppleWatchMouseControllerTests */,
			);
			name = AppleWatchMouseControllerTests;
			packageProductDependencies = (
			);
			productName = AppleWatchMouseControllerTests;
			productReference = 85C1CE012FCE768A00734EC0 /* AppleWatchMouseControllerTests.xctest */;
			productType = "com.apple.product-type.bundle.unit-test";
		};
		85C1CE0A2FCE768A00734EC0 /* AppleWatchMouseControllerUITests */ = {
			isa = PBXNativeTarget;
			buildConfigurationList = 85C1CE1B2FCE768A00734EC0 /* Build configuration list for PBXNativeTarget "AppleWatchMouseControllerUITests" */;
			buildPhases = (
				85C1CE072FCE768A00734EC0 /* Sources */,
				85C1CE082FCE768A00734EC0 /* Frameworks */,
				85C1CE092FCE768A00734EC0 /* Resources */,
			);
			buildRules = (
			);
			dependencies = (
				85C1CE0D2FCE768A00734EC0 /* PBXTargetDependency */,
			);
			fileSystemSynchronizedGroups = (
				85C1CE0E2FCE768A00734EC0 /* AppleWatchMouseControllerUITests */,
			);
			name = AppleWatchMouseControllerUITests;
			packageProductDependencies = (
			);
			productName = AppleWatchMouseControllerUITests;
			productReference = 85C1CE0B2FCE768A00734EC0 /* AppleWatchMouseControllerUITests.xctest */;
			productType = "com.apple.product-type.bundle.ui-testing";
		};
		85C1CE1F2FCE778D00734EC0 /* WatchMouseController */ = {
			isa = PBXNativeTarget;
			buildConfigurationList = 85C1CE4A2FCE778E00734EC0 /* Build configuration list for PBXNativeTarget "WatchMouseController" */;
			buildPhases = (
				85C1CE1E2FCE778D00734EC0 /* Resources */,
				85C1CE492FCE778E00734EC0 /* Embed Watch Content */,
			);
			buildRules = (
			);
			dependencies = (
				85C1CE282FCE778D00734EC0 /* PBXTargetDependency */,
			);
			name = WatchMouseController;
			packageProductDependencies = (
			);
			productName = WatchMouseController;
			productReference = 85C1CE202FCE778D00734EC0 /* WatchMouseController.app */;
			productType = "com.apple.product-type.application.watchapp2-container";
		};
		85C1CE242FCE778D00734EC0 /* WatchMouseController Watch App */ = {
			isa = PBXNativeTarget;
			buildConfigurationList = 85C1CE462FCE778E00734EC0 /* Build configuration list for PBXNativeTarget "WatchMouseController Watch App" */;
			buildPhases = (
				85C1CE212FCE778D00734EC0 /* Sources */,
				85C1CE222FCE778D00734EC0 /* Frameworks */,
				85C1CE232FCE778D00734EC0 /* Resources */,
			);
			buildRules = (
			);
			dependencies = (
			);
			fileSystemSynchronizedGroups = (
				85C1CE292FCE778D00734EC0 /* WatchMouseController Watch App */,
			);
			name = "WatchMouseController Watch App";
			packageProductDependencies = (
			);
			productName = "WatchMouseController Watch App";
			productReference = 85C1CE252FCE778D00734EC0 /* WatchMouseController Watch App.app */;
			productType = "com.apple.product-type.application";
		};
		85C1CE332FCE778E00734EC0 /* WatchMouseController Watch AppTests */ = {
			isa = PBXNativeTarget;
			buildConfigurationList = 85C1CE4D2FCE778E00734EC0 /* Build configuration list for PBXNativeTarget "WatchMouseController Watch AppTests" */;
			buildPhases = (
				85C1CE302FCE778E00734EC0 /* Sources */,
				85C1CE312FCE778E00734EC0 /* Frameworks */,
				85C1CE322FCE778E00734EC0 /* Resources */,
			);
			buildRules = (
			);
			dependencies = (
				85C1CE362FCE778E00734EC0 /* PBXTargetDependency */,
			);
			fileSystemSynchronizedGroups = (
				85C1CE372FCE778E00734EC0 /* WatchMouseController Watch AppTests */,
			);
			name = "WatchMouseController Watch AppTests";
			packageProductDependencies = (
			);
			productName = "WatchMouseController Watch AppTests";
			productReference = 85C1CE342FCE778E00734EC0 /* WatchMouseController Watch AppTests.xctest */;
			productType = "com.apple.product-type.bundle.unit-test";
		};
		85C1CE3D2FCE778E00734EC0 /* WatchMouseController Watch AppUITests */ = {
			isa = PBXNativeTarget;
			buildConfigurationList = 85C1CE502FCE778E00734EC0 /* Build configuration list for PBXNativeTarget "WatchMouseController Watch AppUITests" */;
			buildPhases = (
				85C1CE3A2FCE778E00734EC0 /* Sources */,
				85C1CE3B2FCE778E00734EC0 /* Frameworks */,
				85C1CE3C2FCE778E00734EC0 /* Resources */,
			);
			buildRules = (
			);
			dependencies = (
				85C1CE402FCE778E00734EC0 /* PBXTargetDependency */,
			);
			fileSystemSynchronizedGroups = (
				85C1CE412FCE778E00734EC0 /* WatchMouseController Watch AppUITests */,
			);
			name = "WatchMouseController Watch AppUITests";
			packageProductDependencies = (
			);
			productName = "WatchMouseController Watch AppUITests";
			productReference = 85C1CE3E2FCE778E00734EC0 /* WatchMouseController Watch AppUITests.xctest */;
			productType = "com.apple.product-type.bundle.ui-testing";
		};
/* End PBXNativeTarget section */

/* Begin PBXProject section */
		85C1CDEC2FCE768900734EC0 /* Project object */ = {
			isa = PBXProject;
			attributes = {
				BuildIndependentTargetsInParallel = 1;
				LastSwiftUpdateCheck = 2650;
				LastUpgradeCheck = 2650;
				TargetAttributes = {
					85C1CDF32FCE768900734EC0 = {
						CreatedOnToolsVersion = 26.5;
						LastSwiftMigration = 2650;
					};
					85C1CE002FCE768A00734EC0 = {
						CreatedOnToolsVersion = 26.5;
						TestTargetID = 85C1CDF32FCE768900734EC0;
					};
					85C1CE0A2FCE768A00734EC0 = {
						CreatedOnToolsVersion = 26.5;
						TestTargetID = 85C1CDF32FCE768900734EC0;
					};
					85C1CE1F2FCE778D00734EC0 = {
						CreatedOnToolsVersion = 26.5;
					};
					85C1CE242FCE778D00734EC0 = {
						CreatedOnToolsVersion = 26.5;
						LastSwiftMigration = 2650;
					};
					85C1CE332FCE778E00734EC0 = {
						CreatedOnToolsVersion = 26.5;
						TestTargetID = 85C1CE242FCE778D00734EC0;
					};
					85C1CE3D2FCE778E00734EC0 = {
						CreatedOnToolsVersion = 26.5;
						TestTargetID = 85C1CE242FCE778D00734EC0;
					};
				};
			};
			buildConfigurationList = 85C1CDEF2FCE768900734EC0 /* Build configuration list for PBXProject "AppleWatchMouseController" */;
			developmentRegion = en;
			hasScannedForEncodings = 0;
			knownRegions = (
				en,
				Base,
			);
			mainGroup = 85C1CDEB2FCE768900734EC0;
			minimizedProjectReferenceProxies = 1;
			preferredProjectObjectVersion = 77;
			productRefGroup = 85C1CDF52FCE768900734EC0 /* Products */;
			projectDirPath = "";
			projectRoot = "";
			targets = (
				85C1CDF32FCE768900734EC0 /* AppleWatchMouseController */,
				85C1CE002FCE768A00734EC0 /* AppleWatchMouseControllerTests */,
				85C1CE0A2FCE768A00734EC0 /* AppleWatchMouseControllerUITests */,
				85C1CE1F2FCE778D00734EC0 /* WatchMouseController */,
				85C1CE242FCE778D00734EC0 /* WatchMouseController Watch App */,
				85C1CE332FCE778E00734EC0 /* WatchMouseController Watch AppTests */,
				85C1CE3D2FCE778E00734EC0 /* WatchMouseController Watch AppUITests */,
			);
		};
/* End PBXProject section */

/* Begin PBXResourcesBuildPhase section */
		85C1CDF22FCE768900734EC0 /* Resources */ = {
			isa = PBXResourcesBuildPhase;
			buildActionMask = 2147483647;
			files = (
			);
			runOnlyForDeploymentPostprocessing = 0;
		};
		85C1CDFF2FCE768A00734EC0 /* Resources */ = {
			isa = PBXResourcesBuildPhase;
			buildActionMask = 2147483647;
			files = (
			);
			runOnlyForDeploymentPostprocessing = 0;
		};
		85C1CE092FCE768A00734EC0 /* Resources */ = {
			isa = PBXResourcesBuildPhase;
			buildActionMask = 2147483647;
			files = (
			);
			runOnlyForDeploymentPostprocessing = 0;
		};
		85C1CE1E2FCE778D00734EC0 /* Resources */ = {
			isa = PBXResourcesBuildPhase;
			buildActionMask = 2147483647;
			files = (
			);
			runOnlyForDeploymentPostprocessing = 0;
		};
		85C1CE232FCE778D00734EC0 /* Resources */ = {
			isa = PBXResourcesBuildPhase;
			buildActionMask = 2147483647;
			files = (
			);
			runOnlyForDeploymentPostprocessing = 0;
		};
		85C1CE322FCE778E00734EC0 /* Resources */ = {
			isa = PBXResourcesBuildPhase;
			buildActionMask = 2147483647;
			files = (
			);
			runOnlyForDeploymentPostprocessing = 0;
		};
		85C1CE3C2FCE778E00734EC0 /* Resources */ = {
			isa = PBXResourcesBuildPhase;
			buildActionMask = 2147483647;
			files = (
			);
			runOnlyForDeploymentPostprocessing = 0;
		};
/* End PBXResourcesBuildPhase section */

/* Begin PBXSourcesBuildPhase section */
		85C1CDF02FCE768900734EC0 /* Sources */ = {
			isa = PBXSourcesBuildPhase;
			buildActionMask = 2147483647;
			files = (
				85C1CE642FCE7C3D00734EC0 /* Models.swift in Sources */,
				85C1CE692FCE7C9700734EC0 /* MouseServerApp.swift in Sources */,
				85C1CE6A2FCE7C9700734EC0 /* MouseController.swift in Sources */,
				85C1CE6B2FCE7C9700734EC0 /* NetworkListener.swift in Sources */,
			);
			runOnlyForDeploymentPostprocessing = 0;
		};
		85C1CDFD2FCE768A00734EC0 /* Sources */ = {
			isa = PBXSourcesBuildPhase;
			buildActionMask = 2147483647;
			files = (
			);
			runOnlyForDeploymentPostprocessing = 0;
		};
		85C1CE072FCE768A00734EC0 /* Sources */ = {
			isa = PBXSourcesBuildPhase;
			buildActionMask = 2147483647;
			files = (
			);
			runOnlyForDeploymentPostprocessing = 0;
		};
		85C1CE212FCE778D00734EC0 /* Sources */ = {
			isa = PBXSourcesBuildPhase;
			buildActionMask = 2147483647;
			files = (
				85C1CE652FCE7C3D00734EC0 /* Models.swift in Sources */,
				85C1CE702FCE7CD500734EC0 /* SettingsView.swift in Sources */,
				85C1CE712FCE7CD500734EC0 /* NetworkClient.swift in Sources */,
				85C1CE722FCE7CD500734EC0 /* ContentView.swift in Sources */,
				85C1CE732FCE7CD500734EC0 /* WatchControllerApp.swift in Sources */,
			);
			runOnlyForDeploymentPostprocessing = 0;
		};
		85C1CE302FCE778E00734EC0 /* Sources */ = {
			isa = PBXSourcesBuildPhase;
			buildActionMask = 2147483647;
			files = (
			);
			runOnlyForDeploymentPostprocessing = 0;
		};
		85C1CE3A2FCE778E00734EC0 /* Sources */ = {
			isa = PBXSourcesBuildPhase;
			buildActionMask = 2147483647;
			files = (
			);
			runOnlyForDeploymentPostprocessing = 0;
		};
/* End PBXSourcesBuildPhase section */

/* Begin PBXTargetDependency section */
		85C1CE032FCE768A00734EC0 /* PBXTargetDependency */ = {
			isa = PBXTargetDependency;
			target = 85C1CDF32FCE768900734EC0 /* AppleWatchMouseController */;
			targetProxy = 85C1CE022FCE768A00734EC0 /* PBXContainerItemProxy */;
		};
		85C1CE0D2FCE768A00734EC0 /* PBXTargetDependency */ = {
			isa = PBXTargetDependency;
			target = 85C1CDF32FCE768900734EC0 /* AppleWatchMouseController */;
			targetProxy = 85C1CE0C2FCE768A00734EC0 /* PBXContainerItemProxy */;
		};
		85C1CE282FCE778D00734EC0 /* PBXTargetDependency */ = {
			isa = PBXTargetDependency;
			target = 85C1CE242FCE778D00734EC0 /* WatchMouseController Watch App */;
			targetProxy = 85C1CE272FCE778D00734EC0 /* PBXContainerItemProxy */;
		};
		85C1CE362FCE778E00734EC0 /* PBXTargetDependency */ = {
			isa = PBXTargetDependency;
			target = 85C1CE242FCE778D00734EC0 /* WatchMouseController Watch App */;
			targetProxy = 85C1CE352FCE778E00734EC0 /* PBXContainerItemProxy */;
		};
		85C1CE402FCE778E00734EC0 /* PBXTargetDependency */ = {
			isa = PBXTargetDependency;
			target = 85C1CE242FCE778D00734EC0 /* WatchMouseController Watch App */;
			targetProxy = 85C1CE3F2FCE778E00734EC0 /* PBXContainerItemProxy */;
		};
/* End PBXTargetDependency section */

/* Begin XCBuildConfiguration section */
		85C1CE132FCE768A00734EC0 /* Debug */ = {
			isa = XCBuildConfiguration;
			buildSettings = {
				ALWAYS_SEARCH_USER_PATHS = NO;
				ASSETCATALOG_COMPILER_GENERATE_SWIFT_ASSET_SYMBOL_EXTENSIONS = YES;
				CLANG_ANALYZER_NONNULL = YES;
				CLANG_ANALYZER_NUMBER_OBJECT_CONVERSION = YES_AGGRESSIVE;
				CLANG_CXX_LANGUAGE_STANDARD = "gnu++20";
				CLANG_ENABLE_MODULES = YES;
				CLANG_ENABLE_OBJC_ARC = YES;
				CLANG_ENABLE_OBJC_WEAK = YES;
				CLANG_WARN_BLOCK_CAPTURE_AUTORELEASING = YES;
				CLANG_WARN_BOOL_CONVERSION = YES;
				CLANG_WARN_COMMA = YES;
				CLANG_WARN_CONSTANT_CONVERSION = YES;
				CLANG_WARN_DEPRECATED_OBJC_IMPLEMENTATIONS = YES;
				CLANG_WARN_DIRECT_OBJC_ISA_USAGE = YES_ERROR;
				CLANG_WARN_DOCUMENTATION_COMMENTS = YES;
				CLANG_WARN_EMPTY_BODY = YES;
				CLANG_WARN_ENUM_CONVERSION = YES;
				CLANG_WARN_INFINITE_RECURSION = YES;
				CLANG_WARN_INT_CONVERSION = YES;
				CLANG_WARN_NON_LITERAL_NULL_CONVERSION = YES;
				CLANG_WARN_OBJC_IMPLICIT_RETAIN_SELF = YES;
				CLANG_WARN_OBJC_LITERAL_CONVERSION = YES;
				CLANG_WARN_OBJC_ROOT_CLASS = YES_ERROR;
				CLANG_WARN_QUOTED_INCLUDE_IN_FRAMEWORK_HEADER = YES;
				CLANG_WARN_RANGE_LOOP_ANALYSIS = YES;
				CLANG_WARN_STRICT_PROTOTYPES = YES;
				CLANG_WARN_SUSPICIOUS_MOVE = YES;
				CLANG_WARN_UNGUARDED_AVAILABILITY = YES_AGGRESSIVE;
				CLANG_WARN_UNREACHABLE_CODE = YES;
				CLANG_WARN__DUPLICATE_METHOD_MATCH = YES;
				COPY_PHASE_STRIP = NO;
				DEBUG_INFORMATION_FORMAT = dwarf;
				DEVELOPMENT_TEAM = 65Z7D992PN;
				ENABLE_STRICT_OBJC_MSGSEND = YES;
				ENABLE_TESTABILITY = YES;
				ENABLE_USER_SCRIPT_SANDBOXING = YES;
				GCC_C_LANGUAGE_STANDARD = gnu17;
				GCC_DYNAMIC_NO_PIC = NO;
				GCC_NO_COMMON_BLOCKS = YES;
				GCC_OPTIMIZATION_LEVEL = 0;
				GCC_PREPROCESSOR_DEFINITIONS = (
					"DEBUG=1",
					"$(inherited)",
				);
				GCC_WARN_64_TO_32_BIT_CONVERSION = YES;
				GCC_WARN_ABOUT_RETURN_TYPE = YES_ERROR;
				GCC_WARN_UNDECLARED_SELECTOR = YES;
				GCC_WARN_UNINITIALIZED_AUTOS = YES_AGGRESSIVE;
				GCC_WARN_UNUSED_FUNCTION = YES;
				GCC_WARN_UNUSED_VARIABLE = YES;
				LOCALIZATION_PREFERS_STRING_CATALOGS = YES;
				MACOSX_DEPLOYMENT_TARGET = 26.5;
				MTL_ENABLE_DEBUG_INFO = INCLUDE_SOURCE;
				MTL_FAST_MATH = YES;
				ONLY_ACTIVE_ARCH = YES;
				SDKROOT = macosx;
				SWIFT_ACTIVE_COMPILATION_CONDITIONS = "DEBUG $(inherited)";
				SWIFT_OPTIMIZATION_LEVEL = "-Onone";
			};
			name = Debug;
		};
		85C1CE142FCE768A00734EC0 /* Release */ = {
			isa = XCBuildConfiguration;
			buildSettings = {
				ALWAYS_SEARCH_USER_PATHS = NO;
				ASSETCATALOG_COMPILER_GENERATE_SWIFT_ASSET_SYMBOL_EXTENSIONS = YES;
				CLANG_ANALYZER_NONNULL = YES;
				CLANG_ANALYZER_NUMBER_OBJECT_CONVERSION = YES_AGGRESSIVE;
				CLANG_CXX_LANGUAGE_STANDARD = "gnu++20";
				CLANG_ENABLE_MODULES = YES;
				CLANG_ENABLE_OBJC_ARC = YES;
				CLANG_ENABLE_OBJC_WEAK = YES;
				CLANG_WARN_BLOCK_CAPTURE_AUTORELEASING = YES;
				CLANG_WARN_BOOL_CONVERSION = YES;
				CLANG_WARN_COMMA = YES;
				CLANG_WARN_CONSTANT_CONVERSION = YES;
				CLANG_WARN_DEPRECATED_OBJC_IMPLEMENTATIONS = YES;
				CLANG_WARN_DIRECT_OBJC_ISA_USAGE = YES_ERROR;
				CLANG_WARN_DOCUMENTATION_COMMENTS = YES;
				CLANG_WARN_EMPTY_BODY = YES;
				CLANG_WARN_ENUM_CONVERSION = YES;
				CLANG_WARN_INFINITE_RECURSION = YES;
				CLANG_WARN_INT_CONVERSION = YES;
				CLANG_WARN_NON_LITERAL_NULL_CONVERSION = YES;
				CLANG_WARN_OBJC_IMPLICIT_RETAIN_SELF = YES;
				CLANG_WARN_OBJC_LITERAL_CONVERSION = YES;
				CLANG_WARN_OBJC_ROOT_CLASS = YES_ERROR;
				CLANG_WARN_QUOTED_INCLUDE_IN_FRAMEWORK_HEADER = YES;
				CLANG_WARN_RANGE_LOOP_ANALYSIS = YES;
				CLANG_WARN_STRICT_PROTOTYPES = YES;
				CLANG_WARN_SUSPICIOUS_MOVE = YES;
				CLANG_WARN_UNGUARDED_AVAILABILITY = YES_AGGRESSIVE;
				CLANG_WARN_UNREACHABLE_CODE = YES;
				CLANG_WARN__DUPLICATE_METHOD_MATCH = YES;
				COPY_PHASE_STRIP = NO;
				DEBUG_INFORMATION_FORMAT = "dwarf-with-dsym";
				DEVELOPMENT_TEAM = 65Z7D992PN;
				ENABLE_NS_ASSERTIONS = NO;
				ENABLE_STRICT_OBJC_MSGSEND = YES;
				ENABLE_USER_SCRIPT_SANDBOXING = YES;
				GCC_C_LANGUAGE_STANDARD = gnu17;
				GCC_NO_COMMON_BLOCKS = YES;
				GCC_WARN_64_TO_32_BIT_CONVERSION = YES;
				GCC_WARN_ABOUT_RETURN_TYPE = YES_ERROR;
				GCC_WARN_UNDECLARED_SELECTOR = YES;
				GCC_WARN_UNINITIALIZED_AUTOS = YES_AGGRESSIVE;
				GCC_WARN_UNUSED_FUNCTION = YES;
				GCC_WARN_UNUSED_VARIABLE = YES;
				LOCALIZATION_PREFERS_STRING_CATALOGS = YES;
				MACOSX_DEPLOYMENT_TARGET = 26.5;
				MTL_ENABLE_DEBUG_INFO = NO;
				MTL_FAST_MATH = YES;
				SDKROOT = macosx;
				SWIFT_COMPILATION_MODE = wholemodule;
			};
			name = Release;
		};
		85C1CE162FCE768A00734EC0 /* Debug */ = {
			isa = XCBuildConfiguration;
			buildSettings = {
				ASSETCATALOG_COMPILER_APPICON_NAME = AppIcon;
				ASSETCATALOG_COMPILER_GLOBAL_ACCENT_COLOR_NAME = AccentColor;
				CLANG_ENABLE_MODULES = YES;
				CODE_SIGN_STYLE = Automatic;
				COMBINE_HIDPI_IMAGES = YES;
				CURRENT_PROJECT_VERSION = 1;
				DEVELOPMENT_TEAM = 65Z7D992PN;
				ENABLE_APP_SANDBOX = NO;
				ENABLE_HARDENED_RUNTIME = YES;
				ENABLE_PREVIEWS = YES;
				GENERATE_INFOPLIST_FILE = YES;
				INFOPLIST_KEY_NSHumanReadableCopyright = "";
				LD_RUNPATH_SEARCH_PATHS = (
					"$(inherited)",
					"@executable_path/../Frameworks",
				);
				MARKETING_VERSION = 1.0;
				PRODUCT_BUNDLE_IDENTIFIER = com.jed.AppleWatchMouseController;
				PRODUCT_NAME = "$(TARGET_NAME)";
				REGISTER_APP_GROUPS = YES;
				STRING_CATALOG_GENERATE_SYMBOLS = YES;
				SWIFT_APPROACHABLE_CONCURRENCY = YES;
				SWIFT_DEFAULT_ACTOR_ISOLATION = MainActor;
				SWIFT_EMIT_LOC_STRINGS = YES;
				SWIFT_OPTIMIZATION_LEVEL = "-Onone";
				SWIFT_UPCOMING_FEATURE_MEMBER_IMPORT_VISIBILITY = YES;
				SWIFT_VERSION = 5.0;
			};
			name = Debug;
		};
		85C1CE172FCE768A00734EC0 /* Release */ = {
			isa = XCBuildConfiguration;
			buildSettings = {
				ASSETCATALOG_COMPILER_APPICON_NAME = AppIcon;
				ASSETCATALOG_COMPILER_GLOBAL_ACCENT_COLOR_NAME = AccentColor;
				CLANG_ENABLE_MODULES = YES;
				CODE_SIGN_STYLE = Automatic;
				COMBINE_HIDPI_IMAGES = YES;
				CURRENT_PROJECT_VERSION = 1;
				DEVELOPMENT_TEAM = 65Z7D992PN;
				ENABLE_APP_SANDBOX = NO;
				ENABLE_HARDENED_RUNTIME = YES;
				ENABLE_PREVIEWS = YES;
				GENERATE_INFOPLIST_FILE = YES;
				INFOPLIST_KEY_NSHumanReadableCopyright = "";
				LD_RUNPATH_SEARCH_PATHS = (
					"$(inherited)",
					"@executable_path/../Frameworks",
				);
				MARKETING_VERSION = 1.0;
				PRODUCT_BUNDLE_IDENTIFIER = com.jed.AppleWatchMouseController;
				PRODUCT_NAME = "$(TARGET_NAME)";
				REGISTER_APP_GROUPS = YES;
				STRING_CATALOG_GENERATE_SYMBOLS = YES;
				SWIFT_APPROACHABLE_CONCURRENCY = YES;
				SWIFT_DEFAULT_ACTOR_ISOLATION = MainActor;
				SWIFT_EMIT_LOC_STRINGS = YES;
				SWIFT_UPCOMING_FEATURE_MEMBER_IMPORT_VISIBILITY = YES;
				SWIFT_VERSION = 5.0;
			};
			name = Release;
		};
		85C1CE192FCE768A00734EC0 /* Debug */ = {
			isa = XCBuildConfiguration;
			buildSettings = {
				BUNDLE_LOADER = "$(TEST_HOST)";
				CODE_SIGN_STYLE = Automatic;
				CURRENT_PROJECT_VERSION = 1;
				DEVELOPMENT_TEAM = 65Z7D992PN;
				GENERATE_INFOPLIST_FILE = YES;
				MACOSX_DEPLOYMENT_TARGET = 26.5;
				MARKETING_VERSION = 1.0;
				PRODUCT_BUNDLE_IDENTIFIER = com.jed.AppleWatchMouseControllerTests;
				PRODUCT_NAME = "$(TARGET_NAME)";
				STRING_CATALOG_GENERATE_SYMBOLS = NO;
				SWIFT_APPROACHABLE_CONCURRENCY = YES;
				SWIFT_EMIT_LOC_STRINGS = NO;
				SWIFT_UPCOMING_FEATURE_MEMBER_IMPORT_VISIBILITY = YES;
				SWIFT_VERSION = 5.0;
				TEST_HOST = "$(BUILT_PRODUCTS_DIR)/AppleWatchMouseController.app/$(BUNDLE_EXECUTABLE_FOLDER_PATH)/AppleWatchMouseController";
			};
			name = Debug;
		};
		85C1CE1A2FCE768A00734EC0 /* Release */ = {
			isa = XCBuildConfiguration;
			buildSettings = {
				BUNDLE_LOADER = "$(TEST_HOST)";
				CODE_SIGN_STYLE = Automatic;
				CURRENT_PROJECT_VERSION = 1;
				DEVELOPMENT_TEAM = 65Z7D992PN;
				GENERATE_INFOPLIST_FILE = YES;
				MACOSX_DEPLOYMENT_TARGET = 26.5;
				MARKETING_VERSION = 1.0;
				PRODUCT_BUNDLE_IDENTIFIER = com.jed.AppleWatchMouseControllerTests;
				PRODUCT_NAME = "$(TARGET_NAME)";
				STRING_CATALOG_GENERATE_SYMBOLS = NO;
				SWIFT_APPROACHABLE_CONCURRENCY = YES;
				SWIFT_EMIT_LOC_STRINGS = NO;
				SWIFT_UPCOMING_FEATURE_MEMBER_IMPORT_VISIBILITY = YES;
				SWIFT_VERSION = 5.0;
				TEST_HOST = "$(BUILT_PRODUCTS_DIR)/AppleWatchMouseController.app/$(BUNDLE_EXECUTABLE_FOLDER_PATH)/AppleWatchMouseController";
			};
			name = Release;
		};
		85C1CE1C2FCE768A00734EC0 /* Debug */ = {
			isa = XCBuildConfiguration;
			buildSettings = {
				CODE_SIGN_STYLE = Automatic;
				CURRENT_PROJECT_VERSION = 1;
				DEVELOPMENT_TEAM = 65Z7D992PN;
				GENERATE_INFOPLIST_FILE = YES;
				MARKETING_VERSION = 1.0;
				PRODUCT_BUNDLE_IDENTIFIER = com.jed.AppleWatchMouseControllerUITests;
				PRODUCT_NAME = "$(TARGET_NAME)";
				STRING_CATALOG_GENERATE_SYMBOLS = NO;
				SWIFT_APPROACHABLE_CONCURRENCY = YES;
				SWIFT_EMIT_LOC_STRINGS = NO;
				SWIFT_UPCOMING_FEATURE_MEMBER_IMPORT_VISIBILITY = YES;
				SWIFT_VERSION = 5.0;
				TEST_TARGET_NAME = AppleWatchMouseController;
			};
			name = Debug;
		};
		85C1CE1D2FCE768A00734EC0 /* Release */ = {
			isa = XCBuildConfiguration;
			buildSettings = {
				CODE_SIGN_STYLE = Automatic;
				CURRENT_PROJECT_VERSION = 1;
				DEVELOPMENT_TEAM = 65Z7D992PN;
				GENERATE_INFOPLIST_FILE = YES;
				MARKETING_VERSION = 1.0;
				PRODUCT_BUNDLE_IDENTIFIER = com.jed.AppleWatchMouseControllerUITests;
				PRODUCT_NAME = "$(TARGET_NAME)";
				STRING_CATALOG_GENERATE_SYMBOLS = NO;
				SWIFT_APPROACHABLE_CONCURRENCY = YES;
				SWIFT_EMIT_LOC_STRINGS = NO;
				SWIFT_UPCOMING_FEATURE_MEMBER_IMPORT_VISIBILITY = YES;
				SWIFT_VERSION = 5.0;
				TEST_TARGET_NAME = AppleWatchMouseController;
			};
			name = Release;
		};
		85C1CE472FCE778E00734EC0 /* Debug */ = {
			isa = XCBuildConfiguration;
			buildSettings = {
				ASSETCATALOG_COMPILER_APPICON_NAME = AppIcon;
				ASSETCATALOG_COMPILER_GLOBAL_ACCENT_COLOR_NAME = AccentColor;
				CLANG_ENABLE_MODULES = YES;
				CODE_SIGN_STYLE = Automatic;
				CURRENT_PROJECT_VERSION = 1;
				DEVELOPMENT_TEAM = 65Z7D992PN;
				ENABLE_PREVIEWS = YES;
				GENERATE_INFOPLIST_FILE = YES;
				INFOPLIST_KEY_CFBundleDisplayName = WatchMouseController;
				INFOPLIST_KEY_UISupportedInterfaceOrientations = "UIInterfaceOrientationPortrait UIInterfaceOrientationPortraitUpsideDown";
				INFOPLIST_KEY_WKWatchOnly = YES;
				LD_RUNPATH_SEARCH_PATHS = (
					"$(inherited)",
					"@executable_path/Frameworks",
				);
				MARKETING_VERSION = 1.0;
				PRODUCT_BUNDLE_IDENTIFIER = com.jed.WatchMouseController.watchkitapp;
				PRODUCT_NAME = "$(TARGET_NAME)";
				SDKROOT = watchos;
				SKIP_INSTALL = YES;
				STRING_CATALOG_GENERATE_SYMBOLS = YES;
				SWIFT_APPROACHABLE_CONCURRENCY = YES;
				SWIFT_DEFAULT_ACTOR_ISOLATION = MainActor;
				SWIFT_EMIT_LOC_STRINGS = YES;
				SWIFT_OPTIMIZATION_LEVEL = "-Onone";
				SWIFT_UPCOMING_FEATURE_MEMBER_IMPORT_VISIBILITY = YES;
				SWIFT_VERSION = 5.0;
				TARGETED_DEVICE_FAMILY = 4;
				WATCHOS_DEPLOYMENT_TARGET = 26.5;
			};
			name = Debug;
		};
		85C1CE482FCE778E00734EC0 /* Release */ = {
			isa = XCBuildConfiguration;
			buildSettings = {
				ASSETCATALOG_COMPILER_APPICON_NAME = AppIcon;
				ASSETCATALOG_COMPILER_GLOBAL_ACCENT_COLOR_NAME = AccentColor;
				CLANG_ENABLE_MODULES = YES;
				CODE_SIGN_STYLE = Automatic;
				CURRENT_PROJECT_VERSION = 1;
				DEVELOPMENT_TEAM = 65Z7D992PN;
				ENABLE_PREVIEWS = YES;
				GENERATE_INFOPLIST_FILE = YES;
				INFOPLIST_KEY_CFBundleDisplayName = WatchMouseController;
				INFOPLIST_KEY_UISupportedInterfaceOrientations = "UIInterfaceOrientationPortrait UIInterfaceOrientationPortraitUpsideDown";
				INFOPLIST_KEY_WKWatchOnly = YES;
				LD_RUNPATH_SEARCH_PATHS = (
					"$(inherited)",
					"@executable_path/Frameworks",
				);
				MARKETING_VERSION = 1.0;
				PRODUCT_BUNDLE_IDENTIFIER = com.jed.WatchMouseController.watchkitapp;
				PRODUCT_NAME = "$(TARGET_NAME)";
				SDKROOT = watchos;
				SKIP_INSTALL = YES;
				STRING_CATALOG_GENERATE_SYMBOLS = YES;
				SWIFT_APPROACHABLE_CONCURRENCY = YES;
				SWIFT_DEFAULT_ACTOR_ISOLATION = MainActor;
				SWIFT_EMIT_LOC_STRINGS = YES;
				SWIFT_UPCOMING_FEATURE_MEMBER_IMPORT_VISIBILITY = YES;
				SWIFT_VERSION = 5.0;
				TARGETED_DEVICE_FAMILY = 4;
				VALIDATE_PRODUCT = YES;
				WATCHOS_DEPLOYMENT_TARGET = 26.5;
			};
			name = Release;
		};
		85C1CE4B2FCE778E00734EC0 /* Debug */ = {
			isa = XCBuildConfiguration;
			buildSettings = {
				CODE_SIGN_STYLE = Automatic;
				CURRENT_PROJECT_VERSION = 1;
				DEVELOPMENT_TEAM = 65Z7D992PN;
				INFOPLIST_KEY_CFBundleDisplayName = WatchMouseController;
				MARKETING_VERSION = 1.0;
				PRODUCT_BUNDLE_IDENTIFIER = com.jed.WatchMouseController;
				PRODUCT_NAME = "$(TARGET_NAME)";
				SDKROOT = iphoneos;
				SWIFT_APPROACHABLE_CONCURRENCY = YES;
				SWIFT_UPCOMING_FEATURE_MEMBER_IMPORT_VISIBILITY = YES;
				SWIFT_VERSION = 5.0;
			};
			name = Debug;
		};
		85C1CE4C2FCE778E00734EC0 /* Release */ = {
			isa = XCBuildConfiguration;
			buildSettings = {
				CODE_SIGN_STYLE = Automatic;
				CURRENT_PROJECT_VERSION = 1;
				DEVELOPMENT_TEAM = 65Z7D992PN;
				INFOPLIST_KEY_CFBundleDisplayName = WatchMouseController;
				MARKETING_VERSION = 1.0;
				PRODUCT_BUNDLE_IDENTIFIER = com.jed.WatchMouseController;
				PRODUCT_NAME = "$(TARGET_NAME)";
				SDKROOT = iphoneos;
				SWIFT_APPROACHABLE_CONCURRENCY = YES;
				SWIFT_UPCOMING_FEATURE_MEMBER_IMPORT_VISIBILITY = YES;
				SWIFT_VERSION = 5.0;
				VALIDATE_PRODUCT = YES;
			};
			name = Release;
		};
		85C1CE4E2FCE778E00734EC0 /* Debug */ = {
			isa = XCBuildConfiguration;
			buildSettings = {
				BUNDLE_LOADER = "$(TEST_HOST)";
				CODE_SIGN_STYLE = Automatic;
				CURRENT_PROJECT_VERSION = 1;
				DEVELOPMENT_TEAM = 65Z7D992PN;
				GENERATE_INFOPLIST_FILE = YES;
				MARKETING_VERSION = 1.0;
				PRODUCT_BUNDLE_IDENTIFIER = "com.jed.WatchMouseController-Watch-AppTests";
				PRODUCT_NAME = "$(TARGET_NAME)";
				SDKROOT = watchos;
				STRING_CATALOG_GENERATE_SYMBOLS = NO;
				SWIFT_APPROACHABLE_CONCURRENCY = YES;
				SWIFT_EMIT_LOC_STRINGS = NO;
				SWIFT_UPCOMING_FEATURE_MEMBER_IMPORT_VISIBILITY = YES;
				SWIFT_VERSION = 5.0;
				TARGETED_DEVICE_FAMILY = 4;
				TEST_HOST = "$(BUILT_PRODUCTS_DIR)/WatchMouseController Watch App.app/$(BUNDLE_EXECUTABLE_FOLDER_PATH)/WatchMouseController Watch App";
				WATCHOS_DEPLOYMENT_TARGET = 26.5;
			};
			name = Debug;
		};
		85C1CE4F2FCE778E00734EC0 /* Release */ = {
			isa = XCBuildConfiguration;
			buildSettings = {
				BUNDLE_LOADER = "$(TEST_HOST)";
				CODE_SIGN_STYLE = Automatic;
				CURRENT_PROJECT_VERSION = 1;
				DEVELOPMENT_TEAM = 65Z7D992PN;
				GENERATE_INFOPLIST_FILE = YES;
				MARKETING_VERSION = 1.0;
				PRODUCT_BUNDLE_IDENTIFIER = "com.jed.WatchMouseController-Watch-AppTests";
				PRODUCT_NAME = "$(TARGET_NAME)";
				SDKROOT = watchos;
				STRING_CATALOG_GENERATE_SYMBOLS = NO;
				SWIFT_APPROACHABLE_CONCURRENCY = YES;
				SWIFT_EMIT_LOC_STRINGS = NO;
				SWIFT_UPCOMING_FEATURE_MEMBER_IMPORT_VISIBILITY = YES;
				SWIFT_VERSION = 5.0;
				TARGETED_DEVICE_FAMILY = 4;
				TEST_HOST = "$(BUILT_PRODUCTS_DIR)/WatchMouseController Watch App.app/$(BUNDLE_EXECUTABLE_FOLDER_PATH)/WatchMouseController Watch App";
				VALIDATE_PRODUCT = YES;
				WATCHOS_DEPLOYMENT_TARGET = 26.5;
			};
			name = Release;
		};
		85C1CE512FCE778E00734EC0 /* Debug */ = {
			isa = XCBuildConfiguration;
			buildSettings = {
				CODE_SIGN_STYLE = Automatic;
				CURRENT_PROJECT_VERSION = 1;
				DEVELOPMENT_TEAM = 65Z7D992PN;
				GENERATE_INFOPLIST_FILE = YES;
				MARKETING_VERSION = 1.0;
				PRODUCT_BUNDLE_IDENTIFIER = "com.jed.WatchMouseController-Watch-AppUITests";
				PRODUCT_NAME = "$(TARGET_NAME)";
				SDKROOT = watchos;
				STRING_CATALOG_GENERATE_SYMBOLS = NO;
				SWIFT_APPROACHABLE_CONCURRENCY = YES;
				SWIFT_EMIT_LOC_STRINGS = NO;
				SWIFT_UPCOMING_FEATURE_MEMBER_IMPORT_VISIBILITY = YES;
				SWIFT_VERSION = 5.0;
				TARGETED_DEVICE_FAMILY = 4;
				TEST_TARGET_NAME = "WatchMouseController Watch App";
				WATCHOS_DEPLOYMENT_TARGET = 26.5;
			};
			name = Debug;
		};
		85C1CE522FCE778E00734EC0 /* Release */ = {
			isa = XCBuildConfiguration;
			buildSettings = {
				CODE_SIGN_STYLE = Automatic;
				CURRENT_PROJECT_VERSION = 1;
				DEVELOPMENT_TEAM = 65Z7D992PN;
				GENERATE_INFOPLIST_FILE = YES;
				MARKETING_VERSION = 1.0;
				PRODUCT_BUNDLE_IDENTIFIER = "com.jed.WatchMouseController-Watch-AppUITests";
				PRODUCT_NAME = "$(TARGET_NAME)";
				SDKROOT = watchos;
				STRING_CATALOG_GENERATE_SYMBOLS = NO;
				SWIFT_APPROACHABLE_CONCURRENCY = YES;
				SWIFT_EMIT_LOC_STRINGS = NO;
				SWIFT_UPCOMING_FEATURE_MEMBER_IMPORT_VISIBILITY = YES;
				SWIFT_VERSION = 5.0;
				TARGETED_DEVICE_FAMILY = 4;
				TEST_TARGET_NAME = "WatchMouseController Watch App";
				VALIDATE_PRODUCT = YES;
				WATCHOS_DEPLOYMENT_TARGET = 26.5;
			};
			name = Release;
		};
/* End XCBuildConfiguration section */

/* Begin XCConfigurationList section */
		85C1CDEF2FCE768900734EC0 /* Build configuration list for PBXProject "AppleWatchMouseController" */ = {
			isa = XCConfigurationList;
			buildConfigurations = (
				85C1CE132FCE768A00734EC0 /* Debug */,
				85C1CE142FCE768A00734EC0 /* Release */,
			);
			defaultConfigurationIsVisible = 0;
			defaultConfigurationName = Release;
		};
		85C1CE152FCE768A00734EC0 /* Build configuration list for PBXNativeTarget "AppleWatchMouseController" */ = {
			isa = XCConfigurationList;
			buildConfigurations = (
				85C1CE162FCE768A00734EC0 /* Debug */,
				85C1CE172FCE768A00734EC0 /* Release */,
			);
			defaultConfigurationIsVisible = 0;
			defaultConfigurationName = Release;
		};
		85C1CE182FCE768A00734EC0 /* Build configuration list for PBXNativeTarget "AppleWatchMouseControllerTests" */ = {
			isa = XCConfigurationList;
			buildConfigurations = (
				85C1CE192FCE768A00734EC0 /* Debug */,
				85C1CE1A2FCE768A00734EC0 /* Release */,
			);
			defaultConfigurationIsVisible = 0;
			defaultConfigurationName = Release;
		};
		85C1CE1B2FCE768A00734EC0 /* Build configuration list for PBXNativeTarget "AppleWatchMouseControllerUITests" */ = {
			isa = XCConfigurationList;
			buildConfigurations = (
				85C1CE1C2FCE768A00734EC0 /* Debug */,
				85C1CE1D2FCE768A00734EC0 /* Release */,
			);
			defaultConfigurationIsVisible = 0;
			defaultConfigurationName = Release;
		};
		85C1CE462FCE778E00734EC0 /* Build configuration list for PBXNativeTarget "WatchMouseController Watch App" */ = {
			isa = XCConfigurationList;
			buildConfigurations = (
				85C1CE472FCE778E00734EC0 /* Debug */,
				85C1CE482FCE778E00734EC0 /* Release */,
			);
			defaultConfigurationIsVisible = 0;
			defaultConfigurationName = Release;
		};
		85C1CE4A2FCE778E00734EC0 /* Build configuration list for PBXNativeTarget "WatchMouseController" */ = {
			isa = XCConfigurationList;
			buildConfigurations = (
				85C1CE4B2FCE778E00734EC0 /* Debug */,
				85C1CE4C2FCE778E00734EC0 /* Release */,
			);
			defaultConfigurationIsVisible = 0;
			defaultConfigurationName = Release;
		};
		85C1CE4D2FCE778E00734EC0 /* Build configuration list for PBXNativeTarget "WatchMouseController Watch AppTests" */ = {
			isa = XCConfigurationList;
			buildConfigurations = (
				85C1CE4E2FCE778E00734EC0 /* Debug */,
				85C1CE4F2FCE778E00734EC0 /* Release */,
			);
			defaultConfigurationIsVisible = 0;
			defaultConfigurationName = Release;
		};
		85C1CE502FCE778E00734EC0 /* Build configuration list for PBXNativeTarget "WatchMouseController Watch AppUITests" */ = {
			isa = XCConfigurationList;
			buildConfigurations = (
				85C1CE512FCE778E00734EC0 /* Debug */,
				85C1CE522FCE778E00734EC0 /* Release */,
			);
			defaultConfigurationIsVisible = 0;
			defaultConfigurationName = Release;
		};
/* End XCConfigurationList section */
	};
	rootObject = 85C1CDEC2FCE768900734EC0 /* Project object */;
}
